
Microsoft Visual Studio Solution File, Format Version 12.00
# Visual Studio 15
VisualStudioVersion = 15.0.28307.489
MinimumVisualStudioVersion = 10.0.40219.1
Project("{FAE04EC0-301F-11D3-BF4B-00C04F79EFBC}") = "HangmanApp", "HangmanApp\HangmanApp.csproj", "{6353E2AC-52BF-4006-B92B-8D978168F87A}"
EndProject
Global
	GlobalSection(SolutionConfigurationPlatforms) = preSolution
		Debug|Any CPU = Debug|Any CPU
		Release|Any CPU = Release|Any CPU
	EndGlobalSection
	GlobalSection(ProjectConfigurationPlatforms) = postSolution
		{6353E2AC-52BF-4006-B92B-8D978168F87A}.Debug|Any CPU.ActiveCfg = Debug|Any CPU
		{6353E2AC-52BF-4006-B92B-8D978168F87A}.Debug|Any CPU.Build.0 = Debug|Any CPU
		{6353E2AC-52BF-4006-B92B-8D978168F87A}.Release|Any CPU.ActiveCfg = Release|Any CPU
		{6353E2AC-52BF-4006-B92B-8D978168F87A}.Release|Any CPU.Build.0 = Release|Any CPU
	EndGlobalSection
	GlobalSection(SolutionProperties) = preSolution
		HideSolutionNode = FALSE
	EndGlobalSection
	GlobalSection(ExtensibilityGlobals) = postSolution
		SolutionGuid = {732B07FE-0407-4CAA-B230-BD48D77732CC}
	EndGlobalSection
EndGlobal
